// !$*UTF8*$!
{
	archiveVersion = 1;
	classes = {
	};
	objectVersion = 56;
	objects = {

/* Begin PBXBuildFile section */
		4827696F2C12C3D700FA0753 /* SettingViewController.swift in Sources */ = {isa = PBXBuildFile; fileRef = 4827696E2C12C3D700FA0753 /* SettingViewController.swift */; };
		482769712C12C55100FA0753 /* SettingCell.swift in Sources */ = {isa = PBXBuildFile; fileRef = 482769702C12C55100FA0753 /* SettingCell.swift */; };
		482769732C12D0F700FA0753 /* SetNameCellViewController.swift in Sources */ = {isa = PBXBuildFile; fileRef = 482769722C12D0F700FA0753 /* SetNameCellViewController.swift */; };
		4852874D2C1158500007BA34 /* AppDelegate.swift in Sources */ = {isa = PBXBuildFile; fileRef = 4852874C2C1158500007BA34 /* AppDelegate.swift */; };
		4852874F2C1158500007BA34 /* SceneDelegate.swift in Sources */ = {isa = PBXBuildFile; fileRef = 4852874E2C1158500007BA34 /* SceneDelegate.swift */; };
		485287512C1158500007BA34 /* ViewController.swift in Sources */ = {isa = PBXBuildFile; fileRef = 485287502C1158500007BA34 /* ViewController.swift */; };
		485287562C1158520007BA34 /* Assets.xcassets in Resources */ = {isa = PBXBuildFile; fileRef = 485287552C1158520007BA34 /* Assets.xcassets */; };
		485287592C1158520007BA34 /* Base in Resources */ = {isa = PBXBuildFile; fileRef = 485287582C1158520007BA34 /* Base */; };
		485287612C11596D0007BA34 /* .gitignore in Resources */ = {isa = PBXBuildFile; fileRef = 485287602C11596D0007BA34 /* .gitignore */; };
		485287642C115A0B0007BA34 /* SnapKit in Frameworks */ = {isa = PBXBuildFile; productRef = 485287632C115A0B0007BA34 /* SnapKit */; };
		485287662C115BB00007BA34 /* ListCell.swift in Sources */ = {isa = PBXBuildFile; fileRef = 485287652C115BB00007BA34 /* ListCell.swift */; };
		485287682C115BCC0007BA34 /* ReuseIdentifier.swift in Sources */ = {isa = PBXBuildFile; fileRef = 485287672C115BCC0007BA34 /* ReuseIdentifier.swift */; };
		4852876D2C1163A30007BA34 /* Constant.swift in Sources */ = {isa = PBXBuildFile; fileRef = 4852876C2C1163A30007BA34 /* Constant.swift */; };
		4852876F2C11681F0007BA34 /* TamagotchiModel.swift in Sources */ = {isa = PBXBuildFile; fileRef = 4852876E2C11681E0007BA34 /* TamagotchiModel.swift */; };
		485287712C1170F40007BA34 /* DatailPopViewController.swift in Sources */ = {isa = PBXBuildFile; fileRef = 485287702C1170F40007BA34 /* DatailPopViewController.swift */; };
		485287732C1180C10007BA34 /* MainViewController.swift in Sources */ = {isa = PBXBuildFile; fileRef = 485287722C1180C10007BA34 /* MainViewController.swift */; };
		485287752C1185300007BA34 /* UILabel.swift in Sources */ = {isa = PBXBuildFile; fileRef = 485287742C1185300007BA34 /* UILabel.swift */; };
/* End PBXBuildFile section */

/* Begin PBXFileReference section */
		4827696E2C12C3D700FA0753 /* SettingViewController.swift */ = {isa = PBXFileReference; lastKnownFileType = sourcecode.swift; path = SettingViewController.swift; sourceTree = "<group>"; };
		482769702C12C55100FA0753 /* SettingCell.swift */ = {isa = PBXFileReference; lastKnownFileType = sourcecode.swift; path = SettingCell.swift; sourceTree = "<group>"; };
		482769722C12D0F700FA0753 /* SetNameCellViewController.swift */ = {isa = PBXFileReference; lastKnownFileType = sourcecode.swift; path = SetNameCellViewController.swift; sourceTree = "<group>"; };
		485287492C1158500007BA34 /* 240606_Tamagotchi.app */ = {isa = PBXFileReference; explicitFileType = wrapper.application; includeInIndex = 0; path = 240606_Tamagotchi.app; sourceTree = BUILT_PRODUCTS_DIR; };
		4852874C2C1158500007BA34 /* AppDelegate.swift */ = {isa = PBXFileReference; lastKnownFileType = sourcecode.swift; path = AppDelegate.swift; sourceTree = "<group>"; };
		4852874E2C1158500007BA34 /* SceneDelegate.swift */ = {isa = PBXFileReference; lastKnownFileType = sourcecode.swift; path = SceneDelegate.swift; sourceTree = "<group>"; };
		485287502C1158500007BA34 /* ViewController.swift */ = {isa = PBXFileReference; lastKnownFileType = sourcecode.swift; path = ViewController.swift; sourceTree = "<group>"; };
		485287552C1158520007BA34 /* Assets.xcassets */ = {isa = PBXFileReference; lastKnownFileType = folder.assetcatalog; path = Assets.xcassets; sourceTree = "<group>"; };
		485287582C1158520007BA34 /* Base */ = {isa = PBXFileReference; lastKnownFileType = file.storyboard; name = Base; path = Base.lproj/LaunchScreen.storyboard; sourceTree = "<group>"; };
		4852875A2C1158520007BA34 /* Info.plist */ = {isa = PBXFileReference; lastKnownFileType = text.plist.xml; path = Info.plist; sourceTree = "<group>"; };
		485287602C11596D0007BA34 /* .gitignore */ = {isa = PBXFileReference; lastKnownFileType = text; path = .gitignore; sourceTree = "<group>"; };
		485287652C115BB00007BA34 /* ListCell.swift */ = {isa = PBXFileReference; lastKnownFileType = sourcecode.swift; path = ListCell.swift; sourceTree = "<group>"; };
		485287672C115BCC0007BA34 /* ReuseIdentifier.swift */ = {isa = PBXFileReference; lastKnownFileType = sourcecode.swift; path = ReuseIdentifier.swift; sourceTree = "<group>"; };
		4852876C2C1163A30007BA34 /* Constant.swift */ = {isa = PBXFileReference; lastKnownFileType = sourcecode.swift; path = Constant.swift; sourceTree = "<group>"; };
		4852876E2C11681E0007BA34 /* TamagotchiModel.swift */ = {isa = PBXFileReference; lastKnownFileType = sourcecode.swift; path = TamagotchiModel.swift; sourceTree = "<group>"; };
		485287702C1170F40007BA34 /* DatailPopViewController.swift */ = {isa = PBXFileReference; lastKnownFileType = sourcecode.swift; path = DatailPopViewController.swift; sourceTree = "<group>"; };
		485287722C1180C10007BA34 /* MainViewController.swift */ = {isa = PBXFileReference; lastKnownFileType = sourcecode.swift; path = MainViewController.swift; sourceTree = "<group>"; };
		485287742C1185300007BA34 /* UILabel.swift */ = {isa = PBXFileReference; lastKnownFileType = sourcecode.swift; path = UILabel.swift; sourceTree = "<group>"; };
/* End PBXFileReference section */

/* Begin PBXFrameworksBuildPhase section */
		485287462C1158500007BA34 /* Frameworks */ = {
			isa = PBXFrameworksBuildPhase;
			buildActionMask = 2147483647;
			files = (
				485287642C115A0B0007BA34 /* SnapKit in Frameworks */,
			);
			runOnlyForDeploymentPostprocessing = 0;
		};
/* End PBXFrameworksBuildPhase section */

/* Begin PBXGroup section */
		485287402C1158500007BA34 = {
			isa = PBXGroup;
			children = (
				485287602C11596D0007BA34 /* .gitignore */,
				4852874B2C1158500007BA34 /* 240606_Tamagotchi */,
				4852874A2C1158500007BA34 /* Products */,
			);
			sourceTree = "<group>";
		};
		4852874A2C1158500007BA34 /* Products */ = {
			isa = PBXGroup;
			children = (
				485287492C1158500007BA34 /* 240606_Tamagotchi.app */,
			);
			name = Products;
			sourceTree = "<group>";
		};
		4852874B2C1158500007BA34 /* 240606_Tamagotchi */ = {
			isa = PBXGroup;
			children = (
				485287762C1196870007BA34 /* Models */,
				4852876B2C115BF90007BA34 /* Cells */,
				4852876A2C115BEC0007BA34 /* Controllers */,
				485287692C115BDE0007BA34 /* Helper */,
				4852874C2C1158500007BA34 /* AppDelegate.swift */,
				4852874E2C1158500007BA34 /* SceneDelegate.swift */,
				485287552C1158520007BA34 /* Assets.xcassets */,
				485287572C1158520007BA34 /* LaunchScreen.storyboard */,
				4852875A2C1158520007BA34 /* Info.plist */,
			);
			path = 240606_Tamagotchi;
			sourceTree = "<group>";
		};
		485287692C115BDE0007BA34 /* Helper */ = {
			isa = PBXGroup;
			children = (
				485287672C115BCC0007BA34 /* ReuseIdentifier.swift */,
				4852876C2C1163A30007BA34 /* Constant.swift */,
				485287742C1185300007BA34 /* UILabel.swift */,
			);
			path = Helper;
			sourceTree = "<group>";
		};
		4852876A2C115BEC0007BA34 /* Controllers */ = {
			isa = PBXGroup;
			children = (
				485287502C1158500007BA34 /* ViewController.swift */,
				485287702C1170F40007BA34 /* DatailPopViewController.swift */,
				485287722C1180C10007BA34 /* MainViewController.swift */,
				4827696E2C12C3D700FA0753 /* SettingViewController.swift */,
				482769722C12D0F700FA0753 /* SetNameCellViewController.swift */,
			);
			path = Controllers;
			sourceTree = "<group>";
		};
		4852876B2C115BF90007BA34 /* Cells */ = {
			isa = PBXGroup;
			children = (
				485287652C115BB00007BA34 /* ListCell.swift */,
				482769702C12C55100FA0753 /* SettingCell.swift */,
			);
			path = Cells;
			sourceTree = "<group>";
		};
		485287762C1196870007BA34 /* Models */ = {
			isa = PBXGroup;
			children = (
				4852876E2C11681E0007BA34 /* TamagotchiModel.swift */,
			);
			path = Models;
			sourceTree = "<group>";
		};
/* End PBXGroup section */

/* Begin PBXNativeTarget section */
		485287482C1158500007BA34 /* 240606_Tamagotchi */ = {
			isa = PBXNativeTarget;
			buildConfigurationList = 4852875D2C1158520007BA34 /* Build configuration list for PBXNativeTarget "240606_Tamagotchi" */;
			buildPhases = (
				485287452C1158500007BA34 /* Sources */,
				485287462C1158500007BA34 /* Frameworks */,
				485287472C1158500007BA34 /* Resources */,
			);
			buildRules = (
			);
			dependencies = (
			);
			name = 240606_Tamagotchi;
			packageProductDependencies = (
				485287632C115A0B0007BA34 /* SnapKit */,
			);
			productName = 240606_Tamagotchi;
			productReference = 485287492C1158500007BA34 /* 240606_Tamagotchi.app */;
			productType = "com.apple.product-type.application";
		};
/* End PBXNativeTarget section */

/* Begin PBXProject section */
		485287412C1158500007BA34 /* Project object */ = {
			isa = PBXProject;
			attributes = {
				BuildIndependentTargetsInParallel = 1;
				LastSwiftUpdateCheck = 1530;
				LastUpgradeCheck = 1530;
				TargetAttributes = {
					485287482C1158500007BA34 = {
						CreatedOnToolsVersion = 15.3;
					};
				};
			};
			buildConfigurationList = 485287442C1158500007BA34 /* Build configuration list for PBXProject "240606_Tamagotchi" */;
			compatibilityVersion = "Xcode 14.0";
			developmentRegion = en;
			hasScannedForEncodings = 0;
			knownRegions = (
				en,
				Base,
			);
			mainGroup = 485287402C1158500007BA34;
			packageReferences = (
				485287622C115A0B0007BA34 /* XCRemoteSwiftPackageReference "SnapKit" */,
			);
			productRefGroup = 4852874A2C1158500007BA34 /* Products */;
			projectDirPath = "";
			projectRoot = "";
			targets = (
				485287482C1158500007BA34 /* 240606_Tamagotchi */,
			);
		};
/* End PBXProject section */

/* Begin PBXResourcesBuildPhase section */
		485287472C1158500007BA34 /* Resources */ = {
			isa = PBXResourcesBuildPhase;
			buildActionMask = 2147483647;
			files = (
				485287562C1158520007BA34 /* Assets.xcassets in Resources */,
				485287612C11596D0007BA34 /* .gitignore in Resources */,
				485287592C1158520007BA34 /* Base in Resources */,
			);
			runOnlyForDeploymentPostprocessing = 0;
		};
/* End PBXResourcesBuildPhase section */

/* Begin PBXSourcesBuildPhase section */
		485287452C1158500007BA34 /* Sources */ = {
			isa = PBXSourcesBuildPhase;
			buildActionMask = 2147483647;
			files = (
				485287752C1185300007BA34 /* UILabel.swift in Sources */,
				4827696F2C12C3D700FA0753 /* SettingViewController.swift in Sources */,
				482769712C12C55100FA0753 /* SettingCell.swift in Sources */,
				485287512C1158500007BA34 /* ViewController.swift in Sources */,
				485287662C115BB00007BA34 /* ListCell.swift in Sources */,
				4852874D2C1158500007BA34 /* AppDelegate.swift in Sources */,
				485287682C115BCC0007BA34 /* ReuseIdentifier.swift in Sources */,
				4852874F2C1158500007BA34 /* SceneDelegate.swift in Sources */,
				485287712C1170F40007BA34 /* DatailPopViewController.swift in Sources */,
				485287732C1180C10007BA34 /* MainViewController.swift in Sources */,
				482769732C12D0F700FA0753 /* SetNameCellViewController.swift in Sources */,
				4852876F2C11681F0007BA34 /* TamagotchiModel.swift in Sources */,
				4852876D2C1163A30007BA34 /* Constant.swift in Sources */,
			);
			runOnlyForDeploymentPostprocessing = 0;
		};
/* End PBXSourcesBuildPhase section */

/* Begin PBXVariantGroup section */
		485287572C1158520007BA34 /* LaunchScreen.storyboard */ = {
			isa = PBXVariantGroup;
			children = (
				485287582C1158520007BA34 /* Base */,
			);
			name = LaunchScreen.storyboard;
			sourceTree = "<group>";
		};
/* End PBXVariantGroup section */

/* Begin XCBuildConfiguration section */
		4852875B2C1158520007BA34 /* Debug */ = {
			isa = XCBuildConfiguration;
			buildSettings = {
				ALWAYS_SEARCH_USER_PATHS = NO;
				ASSETCATALOG_COMPILER_GENERATE_SWIFT_ASSET_SYMBOL_EXTENSIONS = YES;
				CLANG_ANALYZER_NONNULL = YES;
				CLANG_ANALYZER_NUMBER_OBJECT_CONVERSION = YES_AGGRESSIVE;
				CLANG_CXX_LANGUAGE_STANDARD = "gnu++20";
				CLANG_ENABLE_MODULES = YES;
				CLANG_ENABLE_OBJC_ARC = YES;
				CLANG_ENABLE_OBJC_WEAK = YES;
				CLANG_WARN_BLOCK_CAPTURE_AUTORELEASING = YES;
				CLANG_WARN_BOOL_CONVERSION = YES;
				CLANG_WARN_COMMA = YES;
				CLANG_WARN_CONSTANT_CONVERSION = YES;
				CLANG_WARN_DEPRECATED_OBJC_IMPLEMENTATIONS = YES;
				CLANG_WARN_DIRECT_OBJC_ISA_USAGE = YES_ERROR;
				CLANG_WARN_DOCUMENTATION_COMMENTS = YES;
				CLANG_WARN_EMPTY_BODY = YES;
				CLANG_WARN_ENUM_CONVERSION = YES;
				CLANG_WARN_INFINITE_RECURSION = YES;
				CLANG_WARN_INT_CONVERSION = YES;
				CLANG_WARN_NON_LITERAL_NULL_CONVERSION = YES;
				CLANG_WARN_OBJC_IMPLICIT_RETAIN_SELF = YES;
				CLANG_WARN_OBJC_LITERAL_CONVERSION = YES;
				CLANG_WARN_OBJC_ROOT_CLASS = YES_ERROR;
				CLANG_WARN_QUOTED_INCLUDE_IN_FRAMEWORK_HEADER = YES;
				CLANG_WARN_RANGE_LOOP_ANALYSIS = YES;
				CLANG_WARN_STRICT_PROTOTYPES = YES;
				CLANG_WARN_SUSPICIOUS_MOVE = YES;
				CLANG_WARN_UNGUARDED_AVAILABILITY = YES_AGGRESSIVE;
				CLANG_WARN_UNREACHABLE_CODE = YES;
				CLANG_WARN__DUPLICATE_METHOD_MATCH = YES;
				COPY_PHASE_STRIP = NO;
				DEBUG_INFORMATION_FORMAT = dwarf;
				ENABLE_STRICT_OBJC_MSGSEND = YES;
				ENABLE_TESTABILITY = YES;
				ENABLE_USER_SCRIPT_SANDBOXING = YES;
				GCC_C_LANGUAGE_STANDARD = gnu17;
				GCC_DYNAMIC_NO_PIC = NO;
				GCC_NO_COMMON_BLOCKS = YES;
				GCC_OPTIMIZATION_LEVEL = 0;
				GCC_PREPROCESSOR_DEFINITIONS = (
					"DEBUG=1",
					"$(inherited)",
				);
				GCC_WARN_64_TO_32_BIT_CONVERSION = YES;
				GCC_WARN_ABOUT_RETURN_TYPE = YES_ERROR;
				GCC_WARN_UNDECLARED_SELECTOR = YES;
				GCC_WARN_UNINITIALIZED_AUTOS = YES_AGGRESSIVE;
				GCC_WARN_UNUSED_FUNCTION = YES;
				GCC_WARN_UNUSED_VARIABLE = YES;
				IPHONEOS_DEPLOYMENT_TARGET = 17.4;
				LOCALIZATION_PREFERS_STRING_CATALOGS = YES;
				MTL_ENABLE_DEBUG_INFO = INCLUDE_SOURCE;
				MTL_FAST_MATH = YES;
				ONLY_ACTIVE_ARCH = YES;
				SDKROOT = iphoneos;
				SWIFT_ACTIVE_COMPILATION_CONDITIONS = "DEBUG $(inherited)";
				SWIFT_OPTIMIZATION_LEVEL = "-Onone";
			};
			name = Debug;
		};
		4852875C2C1158520007BA34 /* Release */ = {
			isa = XCBuildConfiguration;
			buildSettings = {
				ALWAYS_SEARCH_USER_PATHS = NO;
				ASSETCATALOG_COMPILER_GENERATE_SWIFT_ASSET_SYMBOL_EXTENSIONS = YES;
				CLANG_ANALYZER_NONNULL = YES;
				CLANG_ANALYZER_NUMBER_OBJECT_CONVERSION = YES_AGGRESSIVE;
				CLANG_CXX_LANGUAGE_STANDARD = "gnu++20";
				CLANG_ENABLE_MODULES = YES;
				CLANG_ENABLE_OBJC_ARC = YES;
				CLANG_ENABLE_OBJC_WEAK = YES;
				CLANG_WARN_BLOCK_CAPTURE_AUTORELEASING = YES;
				CLANG_WARN_BOOL_CONVERSION = YES;
				CLANG_WARN_COMMA = YES;
				CLANG_WARN_CONSTANT_CONVERSION = YES;
				CLANG_WARN_DEPRECATED_OBJC_IMPLEMENTATIONS = YES;
				CLANG_WARN_DIRECT_OBJC_ISA_USAGE = YES_ERROR;
				CLANG_WARN_DOCUMENTATION_COMMENTS = YES;
				CLANG_WARN_EMPTY_BODY = YES;
				CLANG_WARN_ENUM_CONVERSION = YES;
				CLANG_WARN_INFINITE_RECURSION = YES;
				CLANG_WARN_INT_CONVERSION = YES;
				CLANG_WARN_NON_LITERAL_NULL_CONVERSION = YES;
				CLANG_WARN_OBJC_IMPLICIT_RETAIN_SELF = YES;
				CLANG_WARN_OBJC_LITERAL_CONVERSION = YES;
				CLANG_WARN_OBJC_ROOT_CLASS = YES_ERROR;
				CLANG_WARN_QUOTED_INCLUDE_IN_FRAMEWORK_HEADER = YES;
				CLANG_WARN_RANGE_LOOP_ANALYSIS = YES;
				CLANG_WARN_STRICT_PROTOTYPES = YES;
				CLANG_WARN_SUSPICIOUS_MOVE = YES;
				CLANG_WARN_UNGUARDED_AVAILABILITY = YES_AGGRESSIVE;
				CLANG_WARN_UNREACHABLE_CODE = YES;
				CLANG_WARN__DUPLICATE_METHOD_MATCH = YES;
				COPY_PHASE_STRIP = NO;
				DEBUG_INFORMATION_FORMAT = "dwarf-with-dsym";
				ENABLE_NS_ASSERTIONS = NO;
				ENABLE_STRICT_OBJC_MSGSEND = YES;
				ENABLE_USER_SCRIPT_SANDBOXING = YES;
				GCC_C_LANGUAGE_STANDARD = gnu17;
				GCC_NO_COMMON_BLOCKS = YES;
				GCC_WARN_64_TO_32_BIT_CONVERSION = YES;
				GCC_WARN_ABOUT_RETURN_TYPE = YES_ERROR;
				GCC_WARN_UNDECLARED_SELECTOR = YES;
				GCC_WARN_UNINITIALIZED_AUTOS = YES_AGGRESSIVE;
				GCC_WARN_UNUSED_FUNCTION = YES;
				GCC_WARN_UNUSED_VARIABLE = YES;
				IPHONEOS_DEPLOYMENT_TARGET = 17.4;
				LOCALIZATION_PREFERS_STRING_CATALOGS = YES;
				MTL_ENABLE_DEBUG_INFO = NO;
				MTL_FAST_MATH = YES;
				SDKROOT = iphoneos;
				SWIFT_COMPILATION_MODE = wholemodule;
				VALIDATE_PRODUCT = YES;
			};
			name = Release;
		};
		4852875E2C1158520007BA34 /* Debug */ = {
			isa = XCBuildConfiguration;
			buildSettings = {
				ASSETCATALOG_COMPILER_APPICON_NAME = AppIcon;
				ASSETCATALOG_COMPILER_GLOBAL_ACCENT_COLOR_NAME = AccentColor;
				CODE_SIGN_STYLE = Automatic;
				CURRENT_PROJECT_VERSION = 1;
				DEVELOPMENT_TEAM = U4HJYQP2ZD;
				GENERATE_INFOPLIST_FILE = YES;
				INFOPLIST_FILE = 240606_Tamagotchi/Info.plist;
				INFOPLIST_KEY_UIApplicationSupportsIndirectInputEvents = YES;
				INFOPLIST_KEY_UILaunchStoryboardName = LaunchScreen;
				INFOPLIST_KEY_UISupportedInterfaceOrientations = UIInterfaceOrientationPortrait;
				INFOPLIST_KEY_UISupportedInterfaceOrientations_iPad = UIInterfaceOrientationPortrait;
				IPHONEOS_DEPLOYMENT_TARGET = 15.0;
				LD_RUNPATH_SEARCH_PATHS = (
					"$(inherited)",
					"@executable_path/Frameworks",
				);
				MARKETING_VERSION = 1.0;
				PRODUCT_BUNDLE_IDENTIFIER = "com.dahyun.-40606-Tamagotchi";
				PRODUCT_NAME = "$(TARGET_NAME)";
				SUPPORTED_PLATFORMS = "iphoneos iphonesimulator";
				SUPPORTS_MACCATALYST = NO;
				SUPPORTS_MAC_DESIGNED_FOR_IPHONE_IPAD = NO;
				SUPPORTS_XR_DESIGNED_FOR_IPHONE_IPAD = NO;
				SWIFT_EMIT_LOC_STRINGS = YES;
				SWIFT_VERSION = 5.0;
				TARGETED_DEVICE_FAMILY = 1;
			};
			name = Debug;
		};
		4852875F2C1158520007BA34 /* Release */ = {
			isa = XCBuildConfiguration;
			buildSettings = {
				ASSETCATALOG_COMPILER_APPICON_NAME = AppIcon;
				ASSETCATALOG_COMPILER_GLOBAL_ACCENT_COLOR_NAME = AccentColor;
				CODE_SIGN_STYLE = Automatic;
				CURRENT_PROJECT_VERSION = 1;
				DEVELOPMENT_TEAM = U4HJYQP2ZD;
				GENERATE_INFOPLIST_FILE = YES;
				INFOPLIST_FILE = 240606_Tamagotchi/Info.plist;
				INFOPLIST_KEY_UIApplicationSupportsIndirectInputEvents = YES;
				INFOPLIST_KEY_UILaunchStoryboardName = LaunchScreen;
				INFOPLIST_KEY_UISupportedInterfaceOrientations = UIInterfaceOrientationPortrait;
				INFOPLIST_KEY_UISupportedInterfaceOrientations_iPad = UIInterfaceOrientationPortrait;
				IPHONEOS_DEPLOYMENT_TARGET = 15.0;
				LD_RUNPATH_SEARCH_PATHS = (
					"$(inherited)",
					"@executable_path/Frameworks",
				);
				MARKETING_VERSION = 1.0;
				PRODUCT_BUNDLE_IDENTIFIER = "com.dahyun.-40606-Tamagotchi";
				PRODUCT_NAME = "$(TARGET_NAME)";
				SUPPORTED_PLATFORMS = "iphoneos iphonesimulator";
				SUPPORTS_MACCATALYST = NO;
				SUPPORTS_MAC_DESIGNED_FOR_IPHONE_IPAD = NO;
				SUPPORTS_XR_DESIGNED_FOR_IPHONE_IPAD = NO;
				SWIFT_EMIT_LOC_STRINGS = YES;
				SWIFT_VERSION = 5.0;
				TARGETED_DEVICE_FAMILY = 1;
			};
			name = Release;
		};
/* End XCBuildConfiguration section */

/* Begin XCConfigurationList section */
		485287442C1158500007BA34 /* Build configuration list for PBXProject "240606_Tamagotchi" */ = {
			isa = XCConfigurationList;
			buildConfigurations = (
				4852875B2C1158520007BA34 /* Debug */,
				4852875C2C1158520007BA34 /* Release */,
			);
			defaultConfigurationIsVisible = 0;
			defaultConfigurationName = Release;
		};
		4852875D2C1158520007BA34 /* Build configuration list for PBXNativeTarget "240606_Tamagotchi" */ = {
			isa = XCConfigurationList;
			buildConfigurations = (
				4852875E2C1158520007BA34 /* Debug */,
				4852875F2C1158520007BA34 /* Release */,
			);
			defaultConfigurationIsVisible = 0;
			defaultConfigurationName = Release;
		};
/* End XCConfigurationList section */

/* Begin XCRemoteSwiftPackageReference section */
		485287622C115A0B0007BA34 /* XCRemoteSwiftPackageReference "SnapKit" */ = {
			isa = XCRemoteSwiftPackageReference;
			repositoryURL = "https://github.com/SnapKit/SnapKit.git";
			requirement = {
				kind = upToNextMajorVersion;
				minimumVersion = 5.7.1;
			};
		};
/* End XCRemoteSwiftPackageReference section */

/* Begin XCSwiftPackageProductDependency section */
		485287632C115A0B0007BA34 /* SnapKit */ = {
			isa = XCSwiftPackageProductDependency;
			package = 485287622C115A0B0007BA34 /* XCRemoteSwiftPackageReference "SnapKit" */;
			productName = SnapKit;
		};
/* End XCSwiftPackageProductDependency section */
	};
	rootObject = 485287412C1158500007BA34 /* Project object */;
}
